
Microsoft Visual Studio Solution File, Format Version 12.00
# Visual Studio 15
VisualStudioVersion = 15.0.26124.0
MinimumVisualStudioVersion = 15.0.26124.0
Project("{FAE04EC0-301F-11D3-BF4B-00C04F79EFBC}") = "Text", "Text\Text.csproj", "{039867A8-267B-429C-9EDB-487028AC3755}"
EndProject
Project("{FAE04EC0-301F-11D3-BF4B-00C04F79EFBC}") = "Text.Tests", "Text.Tests\Text.Tests.csproj", "{B85A0F5F-0955-4ED7-966E-34531FB5FD19}"
EndProject
Global
	GlobalSection(SolutionConfigurationPlatforms) = preSolution
		Debug|Any CPU = Debug|Any CPU
		Debug|x64 = Debug|x64
		Debug|x86 = Debug|x86
		Release|Any CPU = Release|Any CPU
		Release|x64 = Release|x64
		Release|x86 = Release|x86
	EndGlobalSection
	GlobalSection(SolutionProperties) = preSolution
		HideSolutionNode = FALSE
	EndGlobalSection
	GlobalSection(ProjectConfigurationPlatforms) = postSolution
		{039867A8-267B-429C-9EDB-487028AC3755}.Debug|Any CPU.ActiveCfg = Debug|Any CPU
		{039867A8-267B-429C-9EDB-487028AC3755}.Debug|Any CPU.Build.0 = Debug|Any CPU
		{039867A8-267B-429C-9EDB-487028AC3755}.Debug|x64.ActiveCfg = Debug|Any CPU
		{039867A8-267B-429C-9EDB-487028AC3755}.Debug|x64.Build.0 = Debug|Any CPU
		{039867A8-267B-429C-9EDB-487028AC3755}.Debug|x86.ActiveCfg = Debug|Any CPU
		{039867A8-267B-429C-9EDB-487028AC3755}.Debug|x86.Build.0 = Debug|Any CPU
		{039867A8-267B-429C-9EDB-487028AC3755}.Release|Any CPU.ActiveCfg = Release|Any CPU
		{039867A8-267B-429C-9EDB-487028AC3755}.Release|Any CPU.Build.0 = Release|Any CPU
		{039867A8-267B-429C-9EDB-487028AC3755}.Release|x64.ActiveCfg = Release|Any CPU
		{039867A8-267B-429C-9EDB-487028AC3755}.Release|x64.Build.0 = Release|Any CPU
		{039867A8-267B-429C-9EDB-487028AC3755}.Release|x86.ActiveCfg = Release|Any CPU
		{039867A8-267B-429C-9EDB-487028AC3755}.Release|x86.Build.0 = Release|Any CPU
		{B85A0F5F-0955-4ED7-966E-34531FB5FD19}.Debug|Any CPU.ActiveCfg = Debug|Any CPU
		{B85A0F5F-0955-4ED7-966E-34531FB5FD19}.Debug|Any CPU.Build.0 = Debug|Any CPU
		{B85A0F5F-0955-4ED7-966E-34531FB5FD19}.Debug|x64.ActiveCfg = Debug|Any CPU
		{B85A0F5F-0955-4ED7-966E-34531FB5FD19}.Debug|x64.Build.0 = Debug|Any CPU
		{B85A0F5F-0955-4ED7-966E-34531FB5FD19}.Debug|x86.ActiveCfg = Debug|Any CPU
		{B85A0F5F-0955-4ED7-966E-34531FB5FD19}.Debug|x86.Build.0 = Debug|Any CPU
		{B85A0F5F-0955-4ED7-966E-34531FB5FD19}.Release|Any CPU.ActiveCfg = Release|Any CPU
		{B85A0F5F-0955-4ED7-966E-34531FB5FD19}.Release|Any CPU.Build.0 = Release|Any CPU
		{B85A0F5F-0955-4ED7-966E-34531FB5FD19}.Release|x64.ActiveCfg = Release|Any CPU
		{B85A0F5F-0955-4ED7-966E-34531FB5FD19}.Release|x64.Build.0 = Release|Any CPU
		{B85A0F5F-0955-4ED7-966E-34531FB5FD19}.Release|x86.ActiveCfg = Release|Any CPU
		{B85A0F5F-0955-4ED7-966E-34531FB5FD19}.Release|x86.Build.0 = Release|Any CPU
	EndGlobalSection
EndGlobal
